// !$*UTF8*$!
{
	archiveVersion = 1;
	classes = {
	};
	objectVersion = 56;
	objects = {

/* Begin PBXBuildFile section */
		A7D51B372CE53D0600A59848 /* MovieDetailsViewController.swift in Sources */ = {isa = PBXBuildFile; fileRef = A7D51B362CE53D0600A59848 /* MovieDetailsViewController.swift */; };
		A7D51B3E2CE541BC00A59848 /* FirstViewModel.swift in Sources */ = {isa = PBXBuildFile; fileRef = A7D51B3D2CE541BC00A59848 /* FirstViewModel.swift */; };
		A7D51B402CE5428700A59848 /* ObservableObject.swift in Sources */ = {isa = PBXBuildFile; fileRef = A7D51B3F2CE5428700A59848 /* ObservableObject.swift */; };
		A7D51B432CE54DFE00A59848 /* MovieTableViewCell.swift in Sources */ = {isa = PBXBuildFile; fileRef = A7D51B422CE54DFE00A59848 /* MovieTableViewCell.swift */; };
		A7EC63162CE5020700836C3C /* AppDelegate.swift in Sources */ = {isa = PBXBuildFile; fileRef = A7EC63152CE5020700836C3C /* AppDelegate.swift */; };
		A7EC63182CE5020700836C3C /* SceneDelegate.swift in Sources */ = {isa = PBXBuildFile; fileRef = A7EC63172CE5020700836C3C /* SceneDelegate.swift */; };
		A7EC631A2CE5020700836C3C /* ViewController.swift in Sources */ = {isa = PBXBuildFile; fileRef = A7EC63192CE5020700836C3C /* ViewController.swift */; };
		A7EC631F2CE5020A00836C3C /* Assets.xcassets in Resources */ = {isa = PBXBuildFile; fileRef = A7EC631E2CE5020A00836C3C /* Assets.xcassets */; };
		A7EC63222CE5020A00836C3C /* LaunchScreen.storyboard in Resources */ = {isa = PBXBuildFile; fileRef = A7EC63202CE5020A00836C3C /* LaunchScreen.storyboard */; };
		A7EC632A2CE5030700836C3C /* NetworkService.swift in Sources */ = {isa = PBXBuildFile; fileRef = A7EC63292CE5030700836C3C /* NetworkService.swift */; };
		A7EC632C2CE5032000836C3C /* Movie.swift in Sources */ = {isa = PBXBuildFile; fileRef = A7EC632B2CE5032000836C3C /* Movie.swift */; };
		A7EC632F2CE5034F00836C3C /* MovieCollectionViewCell.swift in Sources */ = {isa = PBXBuildFile; fileRef = A7EC632E2CE5034F00836C3C /* MovieCollectionViewCell.swift */; };
		A7EC63322CE5037100836C3C /* SnapKit in Frameworks */ = {isa = PBXBuildFile; productRef = A7EC63312CE5037100836C3C /* SnapKit */; };
		A7EC63342CE5037100836C3C /* SnapKit-Dynamic in Frameworks */ = {isa = PBXBuildFile; productRef = A7EC63332CE5037100836C3C /* SnapKit-Dynamic */; };
/* End PBXBuildFile section */

/* Begin PBXFileReference section */
		A7D51B362CE53D0600A59848 /* MovieDetailsViewController.swift */ = {isa = PBXFileReference; lastKnownFileType = sourcecode.swift; path = MovieDetailsViewController.swift; sourceTree = "<group>"; };
		A7D51B3D2CE541BC00A59848 /* FirstViewModel.swift */ = {isa = PBXFileReference; lastKnownFileType = sourcecode.swift; path = FirstViewModel.swift; sourceTree = "<group>"; };
		A7D51B3F2CE5428700A59848 /* ObservableObject.swift */ = {isa = PBXFileReference; lastKnownFileType = sourcecode.swift; path = ObservableObject.swift; sourceTree = "<group>"; };
		A7D51B422CE54DFE00A59848 /* MovieTableViewCell.swift */ = {isa = PBXFileReference; lastKnownFileType = sourcecode.swift; path = MovieTableViewCell.swift; sourceTree = "<group>"; };
		A7EC63122CE5020700836C3C /* MoviesApp.app */ = {isa = PBXFileReference; explicitFileType = wrapper.application; includeInIndex = 0; path = MoviesApp.app; sourceTree = BUILT_PRODUCTS_DIR; };
		A7EC63152CE5020700836C3C /* AppDelegate.swift */ = {isa = PBXFileReference; lastKnownFileType = sourcecode.swift; path = AppDelegate.swift; sourceTree = "<group>"; };
		A7EC63172CE5020700836C3C /* SceneDelegate.swift */ = {isa = PBXFileReference; lastKnownFileType = sourcecode.swift; path = SceneDelegate.swift; sourceTree = "<group>"; };
		A7EC63192CE5020700836C3C /* ViewController.swift */ = {isa = PBXFileReference; lastKnownFileType = sourcecode.swift; path = ViewController.swift; sourceTree = "<group>"; };
		A7EC631E2CE5020A00836C3C /* Assets.xcassets */ = {isa = PBXFileReference; lastKnownFileType = folder.assetcatalog; path = Assets.xcassets; sourceTree = "<group>"; };
		A7EC63212CE5020A00836C3C /* Base */ = {isa = PBXFileReference; lastKnownFileType = file.storyboard; name = Base; path = Base.lproj/LaunchScreen.storyboard; sourceTree = "<group>"; };
		A7EC63232CE5020A00836C3C /* Info.plist */ = {isa = PBXFileReference; lastKnownFileType = text.plist.xml; path = Info.plist; sourceTree = "<group>"; };
		A7EC63292CE5030700836C3C /* NetworkService.swift */ = {isa = PBXFileReference; lastKnownFileType = sourcecode.swift; path = NetworkService.swift; sourceTree = "<group>"; };
		A7EC632B2CE5032000836C3C /* Movie.swift */ = {isa = PBXFileReference; lastKnownFileType = sourcecode.swift; path = Movie.swift; sourceTree = "<group>"; };
		A7EC632E2CE5034F00836C3C /* MovieCollectionViewCell.swift */ = {isa = PBXFileReference; lastKnownFileType = sourcecode.swift; path = MovieCollectionViewCell.swift; sourceTree = "<group>"; };
/* End PBXFileReference section */

/* Begin PBXFrameworksBuildPhase section */
		A7EC630F2CE5020700836C3C /* Frameworks */ = {
			isa = PBXFrameworksBuildPhase;
			buildActionMask = 2147483647;
			files = (
				A7EC63322CE5037100836C3C /* SnapKit in Frameworks */,
				A7EC63342CE5037100836C3C /* SnapKit-Dynamic in Frameworks */,
			);
			runOnlyForDeploymentPostprocessing = 0;
		};
/* End PBXFrameworksBuildPhase section */

/* Begin PBXGroup section */
		A7D51B382CE53D8200A59848 /* FirstScreen */ = {
			isa = PBXGroup;
			children = (
				A7EC63192CE5020700836C3C /* ViewController.swift */,
				A7EC632E2CE5034F00836C3C /* MovieCollectionViewCell.swift */,
			);
			path = FirstScreen;
			sourceTree = "<group>";
		};
		A7D51B392CE53DBE00A59848 /* ViewModel */ = {
			isa = PBXGroup;
			children = (
				A7D51B3C2CE541A000A59848 /* FirstScreen */,
			);
			path = ViewModel;
			sourceTree = "<group>";
		};
		A7D51B3A2CE53DDC00A59848 /* AppDelegate */ = {
			isa = PBXGroup;
			children = (
				A7EC63152CE5020700836C3C /* AppDelegate.swift */,
				A7EC63172CE5020700836C3C /* SceneDelegate.swift */,
			);
			path = AppDelegate;
			sourceTree = "<group>";
		};
		A7D51B3B2CE53DF200A59848 /* Resources */ = {
			isa = PBXGroup;
			children = (
				A7EC631E2CE5020A00836C3C /* Assets.xcassets */,
				A7EC63202CE5020A00836C3C /* LaunchScreen.storyboard */,
				A7EC63232CE5020A00836C3C /* Info.plist */,
			);
			path = Resources;
			sourceTree = "<group>";
		};
		A7D51B3C2CE541A000A59848 /* FirstScreen */ = {
			isa = PBXGroup;
			children = (
				A7D51B3D2CE541BC00A59848 /* FirstViewModel.swift */,
				A7D51B3F2CE5428700A59848 /* ObservableObject.swift */,
			);
			path = FirstScreen;
			sourceTree = "<group>";
		};
		A7D51B412CE5457A00A59848 /* SecondScreen */ = {
			isa = PBXGroup;
			children = (
				A7D51B362CE53D0600A59848 /* MovieDetailsViewController.swift */,
				A7D51B422CE54DFE00A59848 /* MovieTableViewCell.swift */,
			);
			path = SecondScreen;
			sourceTree = "<group>";
		};
		A7EC63092CE5020700836C3C = {
			isa = PBXGroup;
			children = (
				A7EC63142CE5020700836C3C /* MoviesApp */,
				A7EC63132CE5020700836C3C /* Products */,
			);
			sourceTree = "<group>";
		};
		A7EC63132CE5020700836C3C /* Products */ = {
			isa = PBXGroup;
			children = (
				A7EC63122CE5020700836C3C /* MoviesApp.app */,
			);
			name = Products;
			sourceTree = "<group>";
		};
		A7EC63142CE5020700836C3C /* MoviesApp */ = {
			isa = PBXGroup;
			children = (
				A7EC632D2CE5032C00836C3C /* Model */,
				A7EC63352CE503B100836C3C /* View */,
				A7D51B392CE53DBE00A59848 /* ViewModel */,
				A7D51B3A2CE53DDC00A59848 /* AppDelegate */,
				A7D51B3B2CE53DF200A59848 /* Resources */,
			);
			path = MoviesApp;
			sourceTree = "<group>";
		};
		A7EC632D2CE5032C00836C3C /* Model */ = {
			isa = PBXGroup;
			children = (
				A7EC63292CE5030700836C3C /* NetworkService.swift */,
				A7EC632B2CE5032000836C3C /* Movie.swift */,
			);
			path = Model;
			sourceTree = "<group>";
		};
		A7EC63352CE503B100836C3C /* View */ = {
			isa = PBXGroup;
			children = (
				A7D51B382CE53D8200A59848 /* FirstScreen */,
				A7D51B412CE5457A00A59848 /* SecondScreen */,
			);
			path = View;
			sourceTree = "<group>";
		};
/* End PBXGroup section */

/* Begin PBXNativeTarget section */
		A7EC63112CE5020700836C3C /* MoviesApp */ = {
			isa = PBXNativeTarget;
			buildConfigurationList = A7EC63262CE5020A00836C3C /* Build configuration list for PBXNativeTarget "MoviesApp" */;
			buildPhases = (
				A7EC630E2CE5020700836C3C /* Sources */,
				A7EC630F2CE5020700836C3C /* Frameworks */,
				A7EC63102CE5020700836C3C /* Resources */,
			);
			buildRules = (
			);
			dependencies = (
			);
			name = MoviesApp;
			packageProductDependencies = (
				A7EC63312CE5037100836C3C /* SnapKit */,
				A7EC63332CE5037100836C3C /* SnapKit-Dynamic */,
			);
			productName = MoviesApp;
			productReference = A7EC63122CE5020700836C3C /* MoviesApp.app */;
			productType = "com.apple.product-type.application";
		};
/* End PBXNativeTarget section */

/* Begin PBXProject section */
		A7EC630A2CE5020700836C3C /* Project object */ = {
			isa = PBXProject;
			attributes = {
				BuildIndependentTargetsInParallel = 1;
				LastSwiftUpdateCheck = 1520;
				LastUpgradeCheck = 1520;
				TargetAttributes = {
					A7EC63112CE5020700836C3C = {
						CreatedOnToolsVersion = 15.2;
					};
				};
			};
			buildConfigurationList = A7EC630D2CE5020700836C3C /* Build configuration list for PBXProject "MoviesApp" */;
			compatibilityVersion = "Xcode 14.0";
			developmentRegion = en;
			hasScannedForEncodings = 0;
			knownRegions = (
				en,
				Base,
			);
			mainGroup = A7EC63092CE5020700836C3C;
			packageReferences = (
				A7EC63302CE5037100836C3C /* XCRemoteSwiftPackageReference "SnapKit" */,
			);
			productRefGroup = A7EC63132CE5020700836C3C /* Products */;
			projectDirPath = "";
			projectRoot = "";
			targets = (
				A7EC63112CE5020700836C3C /* MoviesApp */,
			);
		};
/* End PBXProject section */

/* Begin PBXResourcesBuildPhase section */
		A7EC63102CE5020700836C3C /* Resources */ = {
			isa = PBXResourcesBuildPhase;
			buildActionMask = 2147483647;
			files = (
				A7EC63222CE5020A00836C3C /* LaunchScreen.storyboard in Resources */,
				A7EC631F2CE5020A00836C3C /* Assets.xcassets in Resources */,
			);
			runOnlyForDeploymentPostprocessing = 0;
		};
/* End PBXResourcesBuildPhase section */

/* Begin PBXSourcesBuildPhase section */
		A7EC630E2CE5020700836C3C /* Sources */ = {
			isa = PBXSourcesBuildPhase;
			buildActionMask = 2147483647;
			files = (
				A7D51B432CE54DFE00A59848 /* MovieTableViewCell.swift in Sources */,
				A7EC631A2CE5020700836C3C /* ViewController.swift in Sources */,
				A7EC63162CE5020700836C3C /* AppDelegate.swift in Sources */,
				A7EC632A2CE5030700836C3C /* NetworkService.swift in Sources */,
				A7D51B3E2CE541BC00A59848 /* FirstViewModel.swift in Sources */,
				A7D51B372CE53D0600A59848 /* MovieDetailsViewController.swift in Sources */,
				A7EC632F2CE5034F00836C3C /* MovieCollectionViewCell.swift in Sources */,
				A7EC63182CE5020700836C3C /* SceneDelegate.swift in Sources */,
				A7EC632C2CE5032000836C3C /* Movie.swift in Sources */,
				A7D51B402CE5428700A59848 /* ObservableObject.swift in Sources */,
			);
			runOnlyForDeploymentPostprocessing = 0;
		};
/* End PBXSourcesBuildPhase section */

/* Begin PBXVariantGroup section */
		A7EC63202CE5020A00836C3C /* LaunchScreen.storyboard */ = {
			isa = PBXVariantGroup;
			children = (
				A7EC63212CE5020A00836C3C /* Base */,
			);
			name = LaunchScreen.storyboard;
			sourceTree = "<group>";
		};
/* End PBXVariantGroup section */

/* Begin XCBuildConfiguration section */
		A7EC63242CE5020A00836C3C /* Debug */ = {
			isa = XCBuildConfiguration;
			buildSettings = {
				ALWAYS_SEARCH_USER_PATHS = NO;
				ASSETCATALOG_COMPILER_GENERATE_SWIFT_ASSET_SYMBOL_EXTENSIONS = YES;
				CLANG_ANALYZER_NONNULL = YES;
				CLANG_ANALYZER_NUMBER_OBJECT_CONVERSION = YES_AGGRESSIVE;
				CLANG_CXX_LANGUAGE_STANDARD = "gnu++20";
				CLANG_ENABLE_MODULES = YES;
				CLANG_ENABLE_OBJC_ARC = YES;
				CLANG_ENABLE_OBJC_WEAK = YES;
				CLANG_WARN_BLOCK_CAPTURE_AUTORELEASING = YES;
				CLANG_WARN_BOOL_CONVERSION = YES;
				CLANG_WARN_COMMA = YES;
				CLANG_WARN_CONSTANT_CONVERSION = YES;
				CLANG_WARN_DEPRECATED_OBJC_IMPLEMENTATIONS = YES;
				CLANG_WARN_DIRECT_OBJC_ISA_USAGE = YES_ERROR;
				CLANG_WARN_DOCUMENTATION_COMMENTS = YES;
				CLANG_WARN_EMPTY_BODY = YES;
				CLANG_WARN_ENUM_CONVERSION = YES;
				CLANG_WARN_INFINITE_RECURSION = YES;
				CLANG_WARN_INT_CONVERSION = YES;
				CLANG_WARN_NON_LITERAL_NULL_CONVERSION = YES;
				CLANG_WARN_OBJC_IMPLICIT_RETAIN_SELF = YES;
				CLANG_WARN_OBJC_LITERAL_CONVERSION = YES;
				CLANG_WARN_OBJC_ROOT_CLASS = YES_ERROR;
				CLANG_WARN_QUOTED_INCLUDE_IN_FRAMEWORK_HEADER = YES;
				CLANG_WARN_RANGE_LOOP_ANALYSIS = YES;
				CLANG_WARN_STRICT_PROTOTYPES = YES;
				CLANG_WARN_SUSPICIOUS_MOVE = YES;
				CLANG_WARN_UNGUARDED_AVAILABILITY = YES_AGGRESSIVE;
				CLANG_WARN_UNREACHABLE_CODE = YES;
				CLANG_WARN__DUPLICATE_METHOD_MATCH = YES;
				COPY_PHASE_STRIP = NO;
				DEBUG_INFORMATION_FORMAT = dwarf;
				ENABLE_STRICT_OBJC_MSGSEND = YES;
				ENABLE_TESTABILITY = YES;
				ENABLE_USER_SCRIPT_SANDBOXING = YES;
				GCC_C_LANGUAGE_STANDARD = gnu17;
				GCC_DYNAMIC_NO_PIC = NO;
				GCC_NO_COMMON_BLOCKS = YES;
				GCC_OPTIMIZATION_LEVEL = 0;
				GCC_PREPROCESSOR_DEFINITIONS = (
					"DEBUG=1",
					"$(inherited)",
				);
				GCC_WARN_64_TO_32_BIT_CONVERSION = YES;
				GCC_WARN_ABOUT_RETURN_TYPE = YES_ERROR;
				GCC_WARN_UNDECLARED_SELECTOR = YES;
				GCC_WARN_UNINITIALIZED_AUTOS = YES_AGGRESSIVE;
				GCC_WARN_UNUSED_FUNCTION = YES;
				GCC_WARN_UNUSED_VARIABLE = YES;
				IPHONEOS_DEPLOYMENT_TARGET = 17.2;
				LOCALIZATION_PREFERS_STRING_CATALOGS = YES;
				MTL_ENABLE_DEBUG_INFO = INCLUDE_SOURCE;
				MTL_FAST_MATH = YES;
				ONLY_ACTIVE_ARCH = YES;
				SDKROOT = iphoneos;
				SWIFT_ACTIVE_COMPILATION_CONDITIONS = "DEBUG $(inherited)";
				SWIFT_OPTIMIZATION_LEVEL = "-Onone";
			};
			name = Debug;
		};
		A7EC63252CE5020A00836C3C /* Release */ = {
			isa = XCBuildConfiguration;
			buildSettings = {
				ALWAYS_SEARCH_USER_PATHS = NO;
				ASSETCATALOG_COMPILER_GENERATE_SWIFT_ASSET_SYMBOL_EXTENSIONS = YES;
				CLANG_ANALYZER_NONNULL = YES;
				CLANG_ANALYZER_NUMBER_OBJECT_CONVERSION = YES_AGGRESSIVE;
				CLANG_CXX_LANGUAGE_STANDARD = "gnu++20";
				CLANG_ENABLE_MODULES = YES;
				CLANG_ENABLE_OBJC_ARC = YES;
				CLANG_ENABLE_OBJC_WEAK = YES;
				CLANG_WARN_BLOCK_CAPTURE_AUTORELEASING = YES;
				CLANG_WARN_BOOL_CONVERSION = YES;
				CLANG_WARN_COMMA = YES;
				CLANG_WARN_CONSTANT_CONVERSION = YES;
				CLANG_WARN_DEPRECATED_OBJC_IMPLEMENTATIONS = YES;
				CLANG_WARN_DIRECT_OBJC_ISA_USAGE = YES_ERROR;
				CLANG_WARN_DOCUMENTATION_COMMENTS = YES;
				CLANG_WARN_EMPTY_BODY = YES;
				CLANG_WARN_ENUM_CONVERSION = YES;
				CLANG_WARN_INFINITE_RECURSION = YES;
				CLANG_WARN_INT_CONVERSION = YES;
				CLANG_WARN_NON_LITERAL_NULL_CONVERSION = YES;
				CLANG_WARN_OBJC_IMPLICIT_RETAIN_SELF = YES;
				CLANG_WARN_OBJC_LITERAL_CONVERSION = YES;
				CLANG_WARN_OBJC_ROOT_CLASS = YES_ERROR;
				CLANG_WARN_QUOTED_INCLUDE_IN_FRAMEWORK_HEADER = YES;
				CLANG_WARN_RANGE_LOOP_ANALYSIS = YES;
				CLANG_WARN_STRICT_PROTOTYPES = YES;
				CLANG_WARN_SUSPICIOUS_MOVE = YES;
				CLANG_WARN_UNGUARDED_AVAILABILITY = YES_AGGRESSIVE;
				CLANG_WARN_UNREACHABLE_CODE = YES;
				CLANG_WARN__DUPLICATE_METHOD_MATCH = YES;
				COPY_PHASE_STRIP = NO;
				DEBUG_INFORMATION_FORMAT = "dwarf-with-dsym";
				ENABLE_NS_ASSERTIONS = NO;
				ENABLE_STRICT_OBJC_MSGSEND = YES;
				ENABLE_USER_SCRIPT_SANDBOXING = YES;
				GCC_C_LANGUAGE_STANDARD = gnu17;
				GCC_NO_COMMON_BLOCKS = YES;
				GCC_WARN_64_TO_32_BIT_CONVERSION = YES;
				GCC_WARN_ABOUT_RETURN_TYPE = YES_ERROR;
				GCC_WARN_UNDECLARED_SELECTOR = YES;
				GCC_WARN_UNINITIALIZED_AUTOS = YES_AGGRESSIVE;
				GCC_WARN_UNUSED_FUNCTION = YES;
				GCC_WARN_UNUSED_VARIABLE = YES;
				IPHONEOS_DEPLOYMENT_TARGET = 17.2;
				LOCALIZATION_PREFERS_STRING_CATALOGS = YES;
				MTL_ENABLE_DEBUG_INFO = NO;
				MTL_FAST_MATH = YES;
				SDKROOT = iphoneos;
				SWIFT_COMPILATION_MODE = wholemodule;
				VALIDATE_PRODUCT = YES;
			};
			name = Release;
		};
		A7EC63272CE5020A00836C3C /* Debug */ = {
			isa = XCBuildConfiguration;
			buildSettings = {
				ASSETCATALOG_COMPILER_APPICON_NAME = AppIcon;
				ASSETCATALOG_COMPILER_GLOBAL_ACCENT_COLOR_NAME = AccentColor;
				CODE_SIGN_STYLE = Automatic;
				CURRENT_PROJECT_VERSION = 1;
				GENERATE_INFOPLIST_FILE = YES;
				INFOPLIST_FILE = MoviesApp/Resources/Info.plist;
				INFOPLIST_KEY_UIApplicationSupportsIndirectInputEvents = YES;
				INFOPLIST_KEY_UILaunchStoryboardName = LaunchScreen;
				INFOPLIST_KEY_UISupportedInterfaceOrientations_iPad = "UIInterfaceOrientationPortrait UIInterfaceOrientationPortraitUpsideDown UIInterfaceOrientationLandscapeLeft UIInterfaceOrientationLandscapeRight";
				INFOPLIST_KEY_UISupportedInterfaceOrientations_iPhone = "UIInterfaceOrientationPortrait UIInterfaceOrientationLandscapeLeft UIInterfaceOrientationLandscapeRight";
				LD_RUNPATH_SEARCH_PATHS = (
					"$(inherited)",
					"@executable_path/Frameworks",
				);
				MARKETING_VERSION = 1.0;
				PRODUCT_BUNDLE_IDENTIFIER = kz..MoviesApp;
				PRODUCT_NAME = "$(TARGET_NAME)";
				SWIFT_EMIT_LOC_STRINGS = YES;
				SWIFT_VERSION = 5.0;
				TARGETED_DEVICE_FAMILY = "1,2";
			};
			name = Debug;
		};
		A7EC63282CE5020A00836C3C /* Release */ = {
			isa = XCBuildConfiguration;
			buildSettings = {
				ASSETCATALOG_COMPILER_APPICON_NAME = AppIcon;
				ASSETCATALOG_COMPILER_GLOBAL_ACCENT_COLOR_NAME = AccentColor;
				CODE_SIGN_STYLE = Automatic;
				CURRENT_PROJECT_VERSION = 1;
				GENERATE_INFOPLIST_FILE = YES;
				INFOPLIST_FILE = MoviesApp/Resources/Info.plist;
				INFOPLIST_KEY_UIApplicationSupportsIndirectInputEvents = YES;
				INFOPLIST_KEY_UILaunchStoryboardName = LaunchScreen;
				INFOPLIST_KEY_UISupportedInterfaceOrientations_iPad = "UIInterfaceOrientationPortrait UIInterfaceOrientationPortraitUpsideDown UIInterfaceOrientationLandscapeLeft UIInterfaceOrientationLandscapeRight";
				INFOPLIST_KEY_UISupportedInterfaceOrientations_iPhone = "UIInterfaceOrientationPortrait UIInterfaceOrientationLandscapeLeft UIInterfaceOrientationLandscapeRight";
				LD_RUNPATH_SEARCH_PATHS = (
					"$(inherited)",
					"@executable_path/Frameworks",
				);
				MARKETING_VERSION = 1.0;
				PRODUCT_BUNDLE_IDENTIFIER = kz..MoviesApp;
				PRODUCT_NAME = "$(TARGET_NAME)";
				SWIFT_EMIT_LOC_STRINGS = YES;
				SWIFT_VERSION = 5.0;
				TARGETED_DEVICE_FAMILY = "1,2";
			};
			name = Release;
		};
/* End XCBuildConfiguration section */

/* Begin XCConfigurationList section */
		A7EC630D2CE5020700836C3C /* Build configuration list for PBXProject "MoviesApp" */ = {
			isa = XCConfigurationList;
			buildConfigurations = (
				A7EC63242CE5020A00836C3C /* Debug */,
				A7EC63252CE5020A00836C3C /* Release */,
			);
			defaultConfigurationIsVisible = 0;
			defaultConfigurationName = Release;
		};
		A7EC63262CE5020A00836C3C /* Build configuration list for PBXNativeTarget "MoviesApp" */ = {
			isa = XCConfigurationList;
			buildConfigurations = (
				A7EC63272CE5020A00836C3C /* Debug */,
				A7EC63282CE5020A00836C3C /* Release */,
			);
			defaultConfigurationIsVisible = 0;
			defaultConfigurationName = Release;
		};
/* End XCConfigurationList section */

/* Begin XCRemoteSwiftPackageReference section */
		A7EC63302CE5037100836C3C /* XCRemoteSwiftPackageReference "SnapKit" */ = {
			isa = XCRemoteSwiftPackageReference;
			repositoryURL = "https://github.com/SnapKit/SnapKit.git";
			requirement = {
				kind = upToNextMajorVersion;
				minimumVersion = 5.7.1;
			};
		};
/* End XCRemoteSwiftPackageReference section */

/* Begin XCSwiftPackageProductDependency section */
		A7EC63312CE5037100836C3C /* SnapKit */ = {
			isa = XCSwiftPackageProductDependency;
			package = A7EC63302CE5037100836C3C /* XCRemoteSwiftPackageReference "SnapKit" */;
			productName = SnapKit;
		};
		A7EC63332CE5037100836C3C /* SnapKit-Dynamic */ = {
			isa = XCSwiftPackageProductDependency;
			package = A7EC63302CE5037100836C3C /* XCRemoteSwiftPackageReference "SnapKit" */;
			productName = "SnapKit-Dynamic";
		};
/* End XCSwiftPackageProductDependency section */
	};
	rootObject = A7EC630A2CE5020700836C3C /* Project object */;
}
